
Microsoft Visual Studio Solution File, Format Version 12.00
# Visual Studio Version 16
VisualStudioVersion = 16.0.29905.134
MinimumVisualStudioVersion = 10.0.40219.1
Project("{FAE04EC0-301F-11D3-BF4B-00C04F79EFBC}") = "ClassLibraryNetCore_1", "ClassLibraryNetCore_1\ClassLibraryNetCore_1.csproj", "{20983F89-3F20-4AAF-B671-6ECCAEA0188A}"
EndProject
Global
	GlobalSection(SolutionConfigurationPlatforms) = preSolution
		Debug|Any CPU = Debug|Any CPU
		Release|Any CPU = Release|Any CPU
	EndGlobalSection
	GlobalSection(ProjectConfigurationPlatforms) = postSolution
		{20983F89-3F20-4AAF-B671-6ECCAEA0188A}.Debug|Any CPU.ActiveCfg = Debug|Any CPU
		{20983F89-3F20-4AAF-B671-6ECCAEA0188A}.Debug|Any CPU.Build.0 = Debug|Any CPU
		{20983F89-3F20-4AAF-B671-6ECCAEA0188A}.Release|Any CPU.ActiveCfg = Release|Any CPU
		{20983F89-3F20-4AAF-B671-6ECCAEA0188A}.Release|Any CPU.Build.0 = Release|Any CPU
	EndGlobalSection
	GlobalSection(SolutionProperties) = preSolution
		HideSolutionNode = FALSE
	EndGlobalSection
	GlobalSection(ExtensibilityGlobals) = postSolution
		SolutionGuid = {75F6A170-8F87-4D2C-A7A9-8B989B7B0B36}
	EndGlobalSection
EndGlobal
