
Microsoft Visual Studio Solution File, Format Version 12.00
# Visual Studio Version 16
VisualStudioVersion = 16.0.29905.134
MinimumVisualStudioVersion = 10.0.40219.1
Project("{FAE04EC0-301F-11D3-BF4B-00C04F79EFBC}") = "GrpcClient", "GrpcClient.csproj", "{0C3371A3-A1BF-44C3-B9A0-DFEA29453487}"
EndProject
Global
	GlobalSection(SolutionConfigurationPlatforms) = preSolution
		Debug|Any CPU = Debug|Any CPU
		Release|Any CPU = Release|Any CPU
	EndGlobalSection
	GlobalSection(ProjectConfigurationPlatforms) = postSolution
		{0C3371A3-A1BF-44C3-B9A0-DFEA29453487}.Debug|Any CPU.ActiveCfg = Debug|Any CPU
		{0C3371A3-A1BF-44C3-B9A0-DFEA29453487}.Debug|Any CPU.Build.0 = Debug|Any CPU
		{0C3371A3-A1BF-44C3-B9A0-DFEA29453487}.Release|Any CPU.ActiveCfg = Release|Any CPU
		{0C3371A3-A1BF-44C3-B9A0-DFEA29453487}.Release|Any CPU.Build.0 = Release|Any CPU
	EndGlobalSection
	GlobalSection(SolutionProperties) = preSolution
		HideSolutionNode = FALSE
	EndGlobalSection
	GlobalSection(ExtensibilityGlobals) = postSolution
		SolutionGuid = {047A6D75-6B1F-45C5-AB54-B34B2B65DE4D}
	EndGlobalSection
EndGlobal
